
Microsoft Visual Studio Solution File, Format Version 12.00
# Visual Studio 14
VisualStudioVersion = 14.0.25420.1
MinimumVisualStudioVersion = 10.0.40219.1
Project("{FAE04EC0-301F-11D3-BF4B-00C04F79EFBC}") = "AwaitTest", "AwaitTest\AwaitTest.csproj", "{3F120C94-E2B2-4485-9658-0E39F514D08B}"
EndProject
Project("{FAE04EC0-301F-11D3-BF4B-00C04F79EFBC}") = "WinFormTest", "WinFormTest\WinFormTest.csproj", "{478F52E0-5D47-4A6A-AC2A-096EE60EBCE2}"
EndProject
Project("{FAE04EC0-301F-11D3-BF4B-00C04F79EFBC}") = "WPFTest", "WPFTest\WPFTest.csproj", "{6A842BA2-54D5-4599-8E05-29564735792C}"
EndProject
Project("{FAE04EC0-301F-11D3-BF4B-00C04F79EFBC}") = "Web", "Web\Web.csproj", "{B9172BAE-89F8-4E1F-9BE9-FB90AAA50ED5}"
EndProject
Global
	GlobalSection(SolutionConfigurationPlatforms) = preSolution
		Debug|Any CPU = Debug|Any CPU
		Release|Any CPU = Release|Any CPU
	EndGlobalSection
	GlobalSection(ProjectConfigurationPlatforms) = postSolution
		{3F120C94-E2B2-4485-9658-0E39F514D08B}.Debug|Any CPU.ActiveCfg = Debug|Any CPU
		{3F120C94-E2B2-4485-9658-0E39F514D08B}.Debug|Any CPU.Build.0 = Debug|Any CPU
		{3F120C94-E2B2-4485-9658-0E39F514D08B}.Release|Any CPU.ActiveCfg = Release|Any CPU
		{3F120C94-E2B2-4485-9658-0E39F514D08B}.Release|Any CPU.Build.0 = Release|Any CPU
		{478F52E0-5D47-4A6A-AC2A-096EE60EBCE2}.Debug|Any CPU.ActiveCfg = Debug|Any CPU
		{478F52E0-5D47-4A6A-AC2A-096EE60EBCE2}.Debug|Any CPU.Build.0 = Debug|Any CPU
		{478F52E0-5D47-4A6A-AC2A-096EE60EBCE2}.Release|Any CPU.ActiveCfg = Release|Any CPU
		{478F52E0-5D47-4A6A-AC2A-096EE60EBCE2}.Release|Any CPU.Build.0 = Release|Any CPU
		{6A842BA2-54D5-4599-8E05-29564735792C}.Debug|Any CPU.ActiveCfg = Debug|Any CPU
		{6A842BA2-54D5-4599-8E05-29564735792C}.Debug|Any CPU.Build.0 = Debug|Any CPU
		{6A842BA2-54D5-4599-8E05-29564735792C}.Release|Any CPU.ActiveCfg = Release|Any CPU
		{6A842BA2-54D5-4599-8E05-29564735792C}.Release|Any CPU.Build.0 = Release|Any CPU
		{B9172BAE-89F8-4E1F-9BE9-FB90AAA50ED5}.Debug|Any CPU.ActiveCfg = Debug|Any CPU
		{B9172BAE-89F8-4E1F-9BE9-FB90AAA50ED5}.Debug|Any CPU.Build.0 = Debug|Any CPU
		{B9172BAE-89F8-4E1F-9BE9-FB90AAA50ED5}.Release|Any CPU.ActiveCfg = Release|Any CPU
		{B9172BAE-89F8-4E1F-9BE9-FB90AAA50ED5}.Release|Any CPU.Build.0 = Release|Any CPU
	EndGlobalSection
	GlobalSection(SolutionProperties) = preSolution
		HideSolutionNode = FALSE
	EndGlobalSection
EndGlobal
